
Microsoft Visual Studio Solution File, Format Version 12.00
Project("{FAE04EC0-301F-11D3-BF4B-00C04F79EFBC}") = "InventorySystemNew2", "InventorySystemNew2\InventorySystemNew2.csproj", "{99AA765A-6510-4A1E-846F-9FFB8FDB83AD}"
EndProject
Global
	GlobalSection(SolutionConfigurationPlatforms) = preSolution
		Debug|Any CPU = Debug|Any CPU
		Release|Any CPU = Release|Any CPU
	EndGlobalSection
	GlobalSection(ProjectConfigurationPlatforms) = postSolution
		{99AA765A-6510-4A1E-846F-9FFB8FDB83AD}.Debug|Any CPU.ActiveCfg = Debug|Any CPU
		{99AA765A-6510-4A1E-846F-9FFB8FDB83AD}.Debug|Any CPU.Build.0 = Debug|Any CPU
		{99AA765A-6510-4A1E-846F-9FFB8FDB83AD}.Release|Any CPU.ActiveCfg = Release|Any CPU
		{99AA765A-6510-4A1E-846F-9FFB8FDB83AD}.Release|Any CPU.Build.0 = Release|Any CPU
	EndGlobalSection
EndGlobal
